<?xml version="1.0" encoding="utf-8"?>
<Project ToolsVersion="4.0" xmlns="http://schemas.microsoft.com/developer/msbuild/2003">
  <ItemGroup>
    <ClInclude Include="UDPSocket.h" />
    <ClInclude Include="Machine.h" />
    <ClInclude Include="NetworkMonitor.h" />
  </ItemGroup>
  <ItemGroup>
    <ClCompile Include="UDPSocket.cpp" />
    <ClCompile Include="main.cpp" />
    <ClCompile Include="NetworkMonitor.cpp" />
  </ItemGroup>
</Project>